
Microsoft Visual Studio Solution File, Format Version 12.00
# Visual Studio Version 16
VisualStudioVersion = 16.0.28418.106
MinimumVisualStudioVersion = 16.0.28418.106
Project("{2150E333-8FDC-42A3-9474-1A3956D46DE8}") = "samples", "samples", "{C41FD56B-38CD-40E3-89E6-071A6C58E36C}"
EndProject
Project("{2150E333-8FDC-42A3-9474-1A3956D46DE8}") = "Solution Items", "Solution Items", "{B9E4CC99-199C-4E3B-9EC5-D1FDFCD6C27B}"
	ProjectSection(SolutionItems) = preProject
		.editorconfig = .editorconfig
		azure-pipelines.yml = azure-pipelines.yml
		Directory.Build.props = Directory.Build.props
		Directory.Build.targets = Directory.Build.targets
	EndProjectSection
EndProject
Project("{2150E333-8FDC-42A3-9474-1A3956D46DE8}") = "src", "src", "{CE6B50B2-34AE-44C9-940A-4E48C3E1B3BC}"
	ProjectSection(SolutionItems) = preProject
		src\Directory.Build.props = src\Directory.Build.props
		src\EFCore.ruleset = src\EFCore.ruleset
	EndProjectSection
EndProject
Project("{9A19103F-16F7-4668-BE54-9A1E7A4F7556}") = "EFCore", "src\EFCore\EFCore.csproj", "{715C38E9-B2F5-4DB2-8025-0C6492DEBDD4}"
EndProject
Project("{9A19103F-16F7-4668-BE54-9A1E7A4F7556}") = "EFCore.Abstractions", "src\EFCore.Abstractions\EFCore.Abstractions.csproj", "{11B51A41-47CB-4EDB-9D8A-17095A65034A}"
EndProject
Project("{9A19103F-16F7-4668-BE54-9A1E7A4F7556}") = "EFCore.InMemory", "src\EFCore.InMemory\EFCore.InMemory.csproj", "{6B102CC4-4396-4A7B-9F72-2C6B5C4D8310}"
EndProject
Project("{9A19103F-16F7-4668-BE54-9A1E7A4F7556}") = "EFCore.Analyzers", "src\EFCore.Analyzers\EFCore.Analyzers.csproj", "{C0D4A199-3ED4-447B-8657-0502493294E7}"
EndProject
Global
	GlobalSection(SolutionConfigurationPlatforms) = preSolution
		Debug|Any CPU = Debug|Any CPU
		Release|Any CPU = Release|Any CPU
	EndGlobalSection
	GlobalSection(ProjectConfigurationPlatforms) = postSolution
			{715C38E9-B2F5-4DB2-8025-0C6492DEBDD4}.Debug|Any CPU.ActiveCfg = Debug|Any CPU
			{715C38E9-B2F5-4DB2-8025-0C6492DEBDD4}.Debug|Any CPU.Build.0 = Debug|Any CPU
			{715C38E9-B2F5-4DB2-8025-0C6492DEBDD4}.Release|Any CPU.ActiveCfg = Release|Any CPU
			{715C38E9-B2F5-4DB2-8025-0C6492DEBDD4}.Release|Any CPU.Build.0 = Release|Any CPU
			{11B51A41-47CB-4EDB-9D8A-17095A65034A}.Debug|Any CPU.ActiveCfg = Debug|Any CPU
			{11B51A41-47CB-4EDB-9D8A-17095A65034A}.Debug|Any CPU.Build.0 = Debug|Any CPU
			{11B51A41-47CB-4EDB-9D8A-17095A65034A}.Release|Any CPU.ActiveCfg = Release|Any CPU
			{11B51A41-47CB-4EDB-9D8A-17095A65034A}.Release|Any CPU.Build.0 = Release|Any CPU
			{6B102CC4-4396-4A7B-9F72-2C6B5C4D8310}.Debug|Any CPU.ActiveCfg = Debug|Any CPU
			{6B102CC4-4396-4A7B-9F72-2C6B5C4D8310}.Debug|Any CPU.Build.0 = Debug|Any CPU
			{6B102CC4-4396-4A7B-9F72-2C6B5C4D8310}.Release|Any CPU.ActiveCfg = Release|Any CPU
			{6B102CC4-4396-4A7B-9F72-2C6B5C4D8310}.Release|Any CPU.Build.0 = Release|Any CPU
			{C0D4A199-3ED4-447B-8657-0502493294E7}.Debug|Any CPU.ActiveCfg = Debug|Any CPU
			{C0D4A199-3ED4-447B-8657-0502493294E7}.Debug|Any CPU.Build.0 = Debug|Any CPU
			{C0D4A199-3ED4-447B-8657-0502493294E7}.Release|Any CPU.ActiveCfg = Release|Any CPU
			{C0D4A199-3ED4-447B-8657-0502493294E7}.Release|Any CPU.Build.0 = Release|Any CPU
	EndGlobalSection
	GlobalSection(SolutionProperties) = preSolution
		HideSolutionNode = FALSE
	EndGlobalSection
	GlobalSection(NestedProjects) = preSolution
		{715C38E9-B2F5-4DB2-8025-0C6492DEBDD4} = {CE6B50B2-34AE-44C9-940A-4E48C3E1B3BC}
		{11B51A41-47CB-4EDB-9D8A-17095A65034A} = {CE6B50B2-34AE-44C9-940A-4E48C3E1B3BC}
		{6B102CC4-4396-4A7B-9F72-2C6B5C4D8310} = {CE6B50B2-34AE-44C9-940A-4E48C3E1B3BC}
		{C0D4A199-3ED4-447B-8657-0502493294E7} = {CE6B50B2-34AE-44C9-940A-4E48C3E1B3BC}
	EndGlobalSection
	GlobalSection(ExtensibilityGlobals) = postSolution
		SolutionGuid = {285A5EB4-BCF4-40EB-B9E1-DF6DBCB5E705}
	EndGlobalSection
EndGlobal
